// !$*UTF8*$!
{
	archiveVersion = 1;
	classes = {
	};
	objectVersion = 56;
	objects = {

/* Begin PBXBuildFile section */
		B10000000000000000000001 /* URLPriceCheckApp.swift in Sources */ = {isa = PBXBuildFile; fileRef = F10000000000000000000001 /* URLPriceCheckApp.swift */; };
		B10000000000000000000002 /* WatchedItem.swift in Sources */ = {isa = PBXBuildFile; fileRef = F10000000000000000000002 /* WatchedItem.swift */; };
		B10000000000000000000003 /* DetectedPrice.swift in Sources */ = {isa = PBXBuildFile; fileRef = F10000000000000000000003 /* DetectedPrice.swift */; };
		B10000000000000000000004 /* PriceExtractor.swift in Sources */ = {isa = PBXBuildFile; fileRef = F10000000000000000000004 /* PriceExtractor.swift */; };
		B10000000000000000000005 /* PageFetcher.swift in Sources */ = {isa = PBXBuildFile; fileRef = F10000000000000000000005 /* PageFetcher.swift */; };
		B10000000000000000000006 /* NotificationManager.swift in Sources */ = {isa = PBXBuildFile; fileRef = F10000000000000000000006 /* NotificationManager.swift */; };
		B10000000000000000000007 /* PriceCheckService.swift in Sources */ = {isa = PBXBuildFile; fileRef = F10000000000000000000007 /* PriceCheckService.swift */; };
		B10000000000000000000008 /* BackgroundCheckScheduler.swift in Sources */ = {isa = PBXBuildFile; fileRef = F10000000000000000000008 /* BackgroundCheckScheduler.swift */; };
		B10000000000000000000009 /* ContentView.swift in Sources */ = {isa = PBXBuildFile; fileRef = F10000000000000000000009 /* ContentView.swift */; };
		B1000000000000000000000A /* WatchRowView.swift in Sources */ = {isa = PBXBuildFile; fileRef = F1000000000000000000000A /* WatchRowView.swift */; };
		B1000000000000000000000B /* AddWatchView.swift in Sources */ = {isa = PBXBuildFile; fileRef = F1000000000000000000000B /* AddWatchView.swift */; };
		B1000000000000000000000C /* WatchDetailView.swift in Sources */ = {isa = PBXBuildFile; fileRef = F1000000000000000000000C /* WatchDetailView.swift */; };
		B1000000000000000000000D /* Assets.xcassets in Resources */ = {isa = PBXBuildFile; fileRef = F1000000000000000000000D /* Assets.xcassets */; };
		B1000000000000000000000E /* WatchFormView.swift in Sources */ = {isa = PBXBuildFile; fileRef = F1000000000000000000000F /* WatchFormView.swift */; };
		B10000000000000000000010 /* HTMLTextStripper.swift in Sources */ = {isa = PBXBuildFile; fileRef = F10000000000000000000010 /* HTMLTextStripper.swift */; };
		B10000000000000000000011 /* SmartPriceFinder.swift in Sources */ = {isa = PBXBuildFile; fileRef = F10000000000000000000011 /* SmartPriceFinder.swift */; };
		B10000000000000000000012 /* OnDeviceAIPriceExtractor.swift in Sources */ = {isa = PBXBuildFile; fileRef = F10000000000000000000012 /* OnDeviceAIPriceExtractor.swift */; };
		B10000000000000000000013 /* StorePriceResolver.swift in Sources */ = {isa = PBXBuildFile; fileRef = F10000000000000000000013 /* StorePriceResolver.swift */; };
		B10000000000000000000014 /* StoreKeywordProfile.swift in Sources */ = {isa = PBXBuildFile; fileRef = F10000000000000000000014 /* StoreKeywordProfile.swift */; };
		B10000000000000000000015 /* StoreHTMLPriceExtractor.swift in Sources */ = {isa = PBXBuildFile; fileRef = F10000000000000000000015 /* StoreHTMLPriceExtractor.swift */; };
		B10000000000000000000016 /* CustomKeywordHints.swift in Sources */ = {isa = PBXBuildFile; fileRef = F10000000000000000000016 /* CustomKeywordHints.swift */; };
		B10000000000000000000017 /* FormLTRRow.swift in Sources */ = {isa = PBXBuildFile; fileRef = F10000000000000000000017 /* FormLTRRow.swift */; };
		B10000000000000000000018 /* HintAnchoredPriceExtractor.swift in Sources */ = {isa = PBXBuildFile; fileRef = F10000000000000000000018 /* HintAnchoredPriceExtractor.swift */; };
		B10000000000000000000019 /* GeForceAnnualPriceExtractor.swift in Sources */ = {isa = PBXBuildFile; fileRef = F10000000000000000000019 /* GeForceAnnualPriceExtractor.swift */; };
		B1000000000000000000001A /* GeForceNOWPaywallPriceFetcher.swift in Sources */ = {isa = PBXBuildFile; fileRef = F1000000000000000000001A /* GeForceNOWPaywallPriceFetcher.swift */; };
/* End PBXBuildFile section */

/* Begin PBXFileReference section */
		E10000000000000000000001 /* URLPriceCheck.app */ = {isa = PBXFileReference; explicitFileType = wrapper.application; includeInIndex = 0; path = URLPriceCheck.app; sourceTree = BUILT_PRODUCTS_DIR; };
		F10000000000000000000001 /* URLPriceCheckApp.swift */ = {isa = PBXFileReference; lastKnownFileType = sourcecode.swift; path = URLPriceCheckApp.swift; sourceTree = "<group>"; };
		F10000000000000000000002 /* WatchedItem.swift */ = {isa = PBXFileReference; lastKnownFileType = sourcecode.swift; path = WatchedItem.swift; sourceTree = "<group>"; };
		F10000000000000000000003 /* DetectedPrice.swift */ = {isa = PBXFileReference; lastKnownFileType = sourcecode.swift; path = DetectedPrice.swift; sourceTree = "<group>"; };
		F10000000000000000000004 /* PriceExtractor.swift */ = {isa = PBXFileReference; lastKnownFileType = sourcecode.swift; path = PriceExtractor.swift; sourceTree = "<group>"; };
		F10000000000000000000005 /* PageFetcher.swift */ = {isa = PBXFileReference; lastKnownFileType = sourcecode.swift; path = PageFetcher.swift; sourceTree = "<group>"; };
		F10000000000000000000006 /* NotificationManager.swift */ = {isa = PBXFileReference; lastKnownFileType = sourcecode.swift; path = NotificationManager.swift; sourceTree = "<group>"; };
		F10000000000000000000007 /* PriceCheckService.swift */ = {isa = PBXFileReference; lastKnownFileType = sourcecode.swift; path = PriceCheckService.swift; sourceTree = "<group>"; };
		F10000000000000000000008 /* BackgroundCheckScheduler.swift */ = {isa = PBXFileReference; lastKnownFileType = sourcecode.swift; path = BackgroundCheckScheduler.swift; sourceTree = "<group>"; };
		F10000000000000000000009 /* ContentView.swift */ = {isa = PBXFileReference; lastKnownFileType = sourcecode.swift; path = ContentView.swift; sourceTree = "<group>"; };
		F1000000000000000000000A /* WatchRowView.swift */ = {isa = PBXFileReference; lastKnownFileType = sourcecode.swift; path = WatchRowView.swift; sourceTree = "<group>"; };
		F1000000000000000000000B /* AddWatchView.swift */ = {isa = PBXFileReference; lastKnownFileType = sourcecode.swift; path = AddWatchView.swift; sourceTree = "<group>"; };
		F1000000000000000000000C /* WatchDetailView.swift */ = {isa = PBXFileReference; lastKnownFileType = sourcecode.swift; path = WatchDetailView.swift; sourceTree = "<group>"; };
		F1000000000000000000000D /* Assets.xcassets */ = {isa = PBXFileReference; lastKnownFileType = folder.assetcatalog; path = Assets.xcassets; sourceTree = "<group>"; };
		F1000000000000000000000E /* Info.plist */ = {isa = PBXFileReference; lastKnownFileType = text.plist.xml; path = Info.plist; sourceTree = "<group>"; };
		F1000000000000000000000F /* WatchFormView.swift */ = {isa = PBXFileReference; lastKnownFileType = sourcecode.swift; path = WatchFormView.swift; sourceTree = "<group>"; };
		F10000000000000000000010 /* HTMLTextStripper.swift */ = {isa = PBXFileReference; lastKnownFileType = sourcecode.swift; path = HTMLTextStripper.swift; sourceTree = "<group>"; };
		F10000000000000000000011 /* SmartPriceFinder.swift */ = {isa = PBXFileReference; lastKnownFileType = sourcecode.swift; path = SmartPriceFinder.swift; sourceTree = "<group>"; };
		F10000000000000000000012 /* OnDeviceAIPriceExtractor.swift */ = {isa = PBXFileReference; lastKnownFileType = sourcecode.swift; path = OnDeviceAIPriceExtractor.swift; sourceTree = "<group>"; };
		F10000000000000000000013 /* StorePriceResolver.swift */ = {isa = PBXFileReference; lastKnownFileType = sourcecode.swift; path = StorePriceResolver.swift; sourceTree = "<group>"; };
		F10000000000000000000014 /* StoreKeywordProfile.swift */ = {isa = PBXFileReference; lastKnownFileType = sourcecode.swift; path = StoreKeywordProfile.swift; sourceTree = "<group>"; };
		F10000000000000000000015 /* StoreHTMLPriceExtractor.swift */ = {isa = PBXFileReference; lastKnownFileType = sourcecode.swift; path = StoreHTMLPriceExtractor.swift; sourceTree = "<group>"; };
		F10000000000000000000016 /* CustomKeywordHints.swift */ = {isa = PBXFileReference; lastKnownFileType = sourcecode.swift; path = CustomKeywordHints.swift; sourceTree = "<group>"; };
		F10000000000000000000017 /* FormLTRRow.swift */ = {isa = PBXFileReference; lastKnownFileType = sourcecode.swift; path = FormLTRRow.swift; sourceTree = "<group>"; };
		F10000000000000000000018 /* HintAnchoredPriceExtractor.swift */ = {isa = PBXFileReference; lastKnownFileType = sourcecode.swift; path = HintAnchoredPriceExtractor.swift; sourceTree = "<group>"; };
		F10000000000000000000019 /* GeForceAnnualPriceExtractor.swift */ = {isa = PBXFileReference; lastKnownFileType = sourcecode.swift; path = GeForceAnnualPriceExtractor.swift; sourceTree = "<group>"; };
		F1000000000000000000001A /* GeForceNOWPaywallPriceFetcher.swift */ = {isa = PBXFileReference; lastKnownFileType = sourcecode.swift; path = GeForceNOWPaywallPriceFetcher.swift; sourceTree = "<group>"; };
/* End PBXFileReference section */

/* Begin PBXFrameworksBuildPhase section */
		C10000000000000000000001 /* Frameworks */ = {
			isa = PBXFrameworksBuildPhase;
			buildActionMask = 2147483647;
			files = (
			);
			runOnlyForDeploymentPostprocessing = 0;
		};
/* End PBXFrameworksBuildPhase section */

/* Begin PBXGroup section */
		G10000000000000000000001 = {
			isa = PBXGroup;
			children = (
				G10000000000000000000002 /* URLPriceCheck */,
				G10000000000000000000003 /* Products */,
			);
			sourceTree = "<group>";
		};
		G10000000000000000000002 /* URLPriceCheck */ = {
			isa = PBXGroup;
			children = (
				F10000000000000000000001 /* URLPriceCheckApp.swift */,
				G10000000000000000000004 /* Models */,
				G10000000000000000000005 /* Services */,
				G10000000000000000000006 /* Views */,
				F1000000000000000000000D /* Assets.xcassets */,
				F1000000000000000000000E /* Info.plist */,
			);
			path = URLPriceCheck;
			sourceTree = "<group>";
		};
		G10000000000000000000003 /* Products */ = {
			isa = PBXGroup;
			children = (
				E10000000000000000000001 /* URLPriceCheck.app */,
			);
			name = Products;
			sourceTree = "<group>";
		};
		G10000000000000000000004 /* Models */ = {
			isa = PBXGroup;
			children = (
				F10000000000000000000002 /* WatchedItem.swift */,
			);
			path = Models;
			sourceTree = "<group>";
		};
		G10000000000000000000005 /* Services */ = {
			isa = PBXGroup;
			children = (
				F10000000000000000000003 /* DetectedPrice.swift */,
				F10000000000000000000004 /* PriceExtractor.swift */,
				F10000000000000000000005 /* PageFetcher.swift */,
				F10000000000000000000006 /* NotificationManager.swift */,
				F10000000000000000000007 /* PriceCheckService.swift */,
				F10000000000000000000008 /* BackgroundCheckScheduler.swift */,
				F10000000000000000000010 /* HTMLTextStripper.swift */,
				F10000000000000000000011 /* SmartPriceFinder.swift */,
				F10000000000000000000012 /* OnDeviceAIPriceExtractor.swift */,
				F10000000000000000000013 /* StorePriceResolver.swift */,
				F10000000000000000000014 /* StoreKeywordProfile.swift */,
				F10000000000000000000015 /* StoreHTMLPriceExtractor.swift */,
				F10000000000000000000016 /* CustomKeywordHints.swift */,
				F10000000000000000000018 /* HintAnchoredPriceExtractor.swift */,
				F10000000000000000000019 /* GeForceAnnualPriceExtractor.swift */,
				F1000000000000000000001A /* GeForceNOWPaywallPriceFetcher.swift */,
			);
			path = Services;
			sourceTree = "<group>";
		};
		G10000000000000000000006 /* Views */ = {
			isa = PBXGroup;
			children = (
				F10000000000000000000009 /* ContentView.swift */,
				F1000000000000000000000A /* WatchRowView.swift */,
				F1000000000000000000000B /* AddWatchView.swift */,
				F1000000000000000000000F /* WatchFormView.swift */,
				F1000000000000000000000C /* WatchDetailView.swift */,
				F10000000000000000000017 /* FormLTRRow.swift */,
			);
			path = Views;
			sourceTree = "<group>";
		};
/* End PBXGroup section */

/* Begin PBXNativeTarget section */
		T10000000000000000000001 /* URLPriceCheck */ = {
			isa = PBXNativeTarget;
			buildConfigurationList = L10000000000000000000003 /* Build configuration list for PBXNativeTarget "URLPriceCheck" */;
			buildPhases = (
				S10000000000000000000001 /* Sources */,
				C10000000000000000000001 /* Frameworks */,
				R10000000000000000000001 /* Resources */,
			);
			buildRules = (
			);
			dependencies = (
			);
			name = URLPriceCheck;
			productName = URLPriceCheck;
			productReference = E10000000000000000000001 /* URLPriceCheck.app */;
			productType = "com.apple.product-type.application";
		};
/* End PBXNativeTarget section */

/* Begin PBXProject section */
		P10000000000000000000001 /* Project object */ = {
			isa = PBXProject;
			attributes = {
				BuildIndependentTargetsInParallel = 1;
				LastSwiftUpdateCheck = 1500;
				LastUpgradeCheck = 1500;
				TargetAttributes = {
					T10000000000000000000001 = {
						CreatedOnToolsVersion = 15.0;
					};
				};
			};
			buildConfigurationList = L10000000000000000000001 /* Build configuration list for PBXProject "URLPriceCheck" */;
			compatibilityVersion = "Xcode 14.0";
			developmentRegion = en;
			hasScannedForEncodings = 0;
			knownRegions = (
				en,
				Base,
			);
			mainGroup = G10000000000000000000001;
			productRefGroup = G10000000000000000000003 /* Products */;
			projectDirPath = "";
			projectRoot = "";
			targets = (
				T10000000000000000000001 /* URLPriceCheck */,
			);
		};
/* End PBXProject section */

/* Begin PBXResourcesBuildPhase section */
		R10000000000000000000001 /* Resources */ = {
			isa = PBXResourcesBuildPhase;
			buildActionMask = 2147483647;
			files = (
				B1000000000000000000000D /* Assets.xcassets in Resources */,
			);
			runOnlyForDeploymentPostprocessing = 0;
		};
/* End PBXResourcesBuildPhase section */

/* Begin PBXSourcesBuildPhase section */
		S10000000000000000000001 /* Sources */ = {
			isa = PBXSourcesBuildPhase;
			buildActionMask = 2147483647;
			files = (
				B10000000000000000000001 /* URLPriceCheckApp.swift in Sources */,
				B10000000000000000000002 /* WatchedItem.swift in Sources */,
				B10000000000000000000003 /* DetectedPrice.swift in Sources */,
				B10000000000000000000004 /* PriceExtractor.swift in Sources */,
				B10000000000000000000005 /* PageFetcher.swift in Sources */,
				B10000000000000000000006 /* NotificationManager.swift in Sources */,
				B10000000000000000000007 /* PriceCheckService.swift in Sources */,
				B10000000000000000000008 /* BackgroundCheckScheduler.swift in Sources */,
				B10000000000000000000009 /* ContentView.swift in Sources */,
				B1000000000000000000000A /* WatchRowView.swift in Sources */,
				B1000000000000000000000B /* AddWatchView.swift in Sources */,
				B1000000000000000000000C /* WatchDetailView.swift in Sources */,
				B1000000000000000000000E /* WatchFormView.swift in Sources */,
				B10000000000000000000010 /* HTMLTextStripper.swift in Sources */,
				B10000000000000000000011 /* SmartPriceFinder.swift in Sources */,
				B10000000000000000000012 /* OnDeviceAIPriceExtractor.swift in Sources */,
				B10000000000000000000013 /* StorePriceResolver.swift in Sources */,
				B10000000000000000000014 /* StoreKeywordProfile.swift in Sources */,
				B10000000000000000000015 /* StoreHTMLPriceExtractor.swift in Sources */,
				B10000000000000000000016 /* CustomKeywordHints.swift in Sources */,
				B10000000000000000000017 /* FormLTRRow.swift in Sources */,
				B10000000000000000000018 /* HintAnchoredPriceExtractor.swift in Sources */,
				B10000000000000000000019 /* GeForceAnnualPriceExtractor.swift in Sources */,
				B1000000000000000000001A /* GeForceNOWPaywallPriceFetcher.swift in Sources */,
			);
			runOnlyForDeploymentPostprocessing = 0;
		};
/* End PBXSourcesBuildPhase section */

/* Begin XCBuildConfiguration section */
		D10000000000000000000001 /* Debug */ = {
			isa = XCBuildConfiguration;
			buildSettings = {
				ALWAYS_SEARCH_USER_PATHS = NO;
				CLANG_ENABLE_MODULES = YES;
				CLANG_ENABLE_OBJC_ARC = YES;
				COPY_PHASE_STRIP = NO;
				DEBUG_INFORMATION_FORMAT = dwarf;
				ENABLE_STRICT_OBJC_MSGSEND = YES;
				ENABLE_TESTABILITY = YES;
				GCC_DYNAMIC_NO_PIC = NO;
				GCC_OPTIMIZATION_LEVEL = 0;
				GCC_PREPROCESSOR_DEFINITIONS = (
					"DEBUG=1",
					"$(inherited)",
				);
				IPHONEOS_DEPLOYMENT_TARGET = 17.0;
				MACOSX_DEPLOYMENT_TARGET = 14.0;
				MTL_ENABLE_DEBUG_INFO = INCLUDE_SOURCE;
				ONLY_ACTIVE_ARCH = YES;
				SDKROOT = auto;
				SWIFT_ACTIVE_COMPILATION_CONDITIONS = "DEBUG $(inherited)";
				SWIFT_OPTIMIZATION_LEVEL = "-Onone";
			};
			name = Debug;
		};
		D10000000000000000000002 /* Release */ = {
			isa = XCBuildConfiguration;
			buildSettings = {
				ALWAYS_SEARCH_USER_PATHS = NO;
				CLANG_ENABLE_MODULES = YES;
				CLANG_ENABLE_OBJC_ARC = YES;
				COPY_PHASE_STRIP = NO;
				DEBUG_INFORMATION_FORMAT = "dwarf-with-dsym";
				ENABLE_NS_ASSERTIONS = NO;
				ENABLE_STRICT_OBJC_MSGSEND = YES;
				IPHONEOS_DEPLOYMENT_TARGET = 17.0;
				MACOSX_DEPLOYMENT_TARGET = 14.0;
				MTL_ENABLE_DEBUG_INFO = NO;
				SDKROOT = auto;
				SWIFT_COMPILATION_MODE = wholemodule;
				VALIDATE_PRODUCT = YES;
			};
			name = Release;
		};
		D10000000000000000000003 /* Debug */ = {
			isa = XCBuildConfiguration;
			buildSettings = {
				ASSETCATALOG_COMPILER_APPICON_NAME = AppIcon;
				ASSETCATALOG_COMPILER_GLOBAL_ACCENT_COLOR_NAME = AccentColor;
				CODE_SIGN_STYLE = Automatic;
				CURRENT_PROJECT_VERSION = 1;
				DEVELOPMENT_TEAM = Q5U8RJT5PM;
				ENABLE_PREVIEWS = YES;
				GENERATE_INFOPLIST_FILE = YES;
				INFOPLIST_FILE = URLPriceCheck/Info.plist;
				INFOPLIST_KEY_CFBundleDisplayName = URLPriceCheck;
				INFOPLIST_KEY_LSApplicationCategoryType = "public.app-category.finance";
				INFOPLIST_KEY_NSUserNotificationsUsageDescription = "Alerts you when watched prices hit your targets.";
				INFOPLIST_KEY_UILaunchScreen_Generation = YES;
				LD_RUNPATH_SEARCH_PATHS = (
					"$(inherited)",
					"@executable_path/Frameworks",
				);
				MARKETING_VERSION = 1.0;
				PRODUCT_BUNDLE_IDENTIFIER = com.deanwass.URLPriceCheck;
				PRODUCT_NAME = "$(TARGET_NAME)";
				REGISTER_APP_GROUPS = YES;
				SUPPORTED_PLATFORMS = "iphoneos iphonesimulator macosx";
				SUPPORTS_MACCATALYST = NO;
				SWIFT_EMIT_LOC_STRINGS = YES;
				SWIFT_VERSION = 5.0;
				TARGETED_DEVICE_FAMILY = "1,2";
			};
			name = Debug;
		};
		D10000000000000000000004 /* Release */ = {
			isa = XCBuildConfiguration;
			buildSettings = {
				ASSETCATALOG_COMPILER_APPICON_NAME = AppIcon;
				ASSETCATALOG_COMPILER_GLOBAL_ACCENT_COLOR_NAME = AccentColor;
				CODE_SIGN_STYLE = Automatic;
				CURRENT_PROJECT_VERSION = 1;
				DEVELOPMENT_TEAM = Q5U8RJT5PM;
				ENABLE_PREVIEWS = YES;
				GENERATE_INFOPLIST_FILE = YES;
				INFOPLIST_FILE = URLPriceCheck/Info.plist;
				INFOPLIST_KEY_CFBundleDisplayName = URLPriceCheck;
				INFOPLIST_KEY_LSApplicationCategoryType = "public.app-category.finance";
				INFOPLIST_KEY_NSUserNotificationsUsageDescription = "Alerts you when watched prices hit your targets.";
				INFOPLIST_KEY_UILaunchScreen_Generation = YES;
				LD_RUNPATH_SEARCH_PATHS = (
					"$(inherited)",
					"@executable_path/Frameworks",
				);
				MARKETING_VERSION = 1.0;
				PRODUCT_BUNDLE_IDENTIFIER = com.deanwass.URLPriceCheck;
				PRODUCT_NAME = "$(TARGET_NAME)";
				REGISTER_APP_GROUPS = YES;
				SUPPORTED_PLATFORMS = "iphoneos iphonesimulator macosx";
				SUPPORTS_MACCATALYST = NO;
				SWIFT_EMIT_LOC_STRINGS = YES;
				SWIFT_VERSION = 5.0;
				TARGETED_DEVICE_FAMILY = "1,2";
			};
			name = Release;
		};
/* End XCBuildConfiguration section */

/* Begin XCConfigurationList section */
		L10000000000000000000001 /* Build configuration list for PBXProject "URLPriceCheck" */ = {
			isa = XCConfigurationList;
			buildConfigurations = (
				D10000000000000000000001 /* Debug */,
				D10000000000000000000002 /* Release */,
			);
			defaultConfigurationIsVisible = 0;
			defaultConfigurationName = Release;
		};
		L10000000000000000000003 /* Build configuration list for PBXNativeTarget "URLPriceCheck" */ = {
			isa = XCConfigurationList;
			buildConfigurations = (
				D10000000000000000000003 /* Debug */,
				D10000000000000000000004 /* Release */,
			);
			defaultConfigurationIsVisible = 0;
			defaultConfigurationName = Release;
		};
/* End XCConfigurationList section */
	};
	rootObject = P10000000000000000000001 /* Project object */;
}
